// !$*UTF8*$!
{
	archiveVersion = 1;
	classes = {
	};
	objectVersion = 56;
	objects = {

/* Begin PBXBuildFile section */
		D73924782CB5845B00DB80FC /* Model.xcdatamodeld in Sources */ = {isa = PBXBuildFile; fileRef = D73924762CB5845B00DB80FC /* Model.xcdatamodeld */; };
		D7A2F90A2CB64E5B00AD311D /* Recipe.swift in Sources */ = {isa = PBXBuildFile; fileRef = D7A2F9092CB64E5B00AD311D /* Recipe.swift */; };
		D7A2F90C2CB64F6300AD311D /* RecipeView.swift in Sources */ = {isa = PBXBuildFile; fileRef = D7A2F90B2CB64F6300AD311D /* RecipeView.swift */; };
		D7C895662CB5045B00AA3CEB /* PantryToPlateApp.swift in Sources */ = {isa = PBXBuildFile; fileRef = D7C895652CB5045B00AA3CEB /* PantryToPlateApp.swift */; };
		D7C8956A2CB5045C00AA3CEB /* Assets.xcassets in Resources */ = {isa = PBXBuildFile; fileRef = D7C895692CB5045C00AA3CEB /* Assets.xcassets */; };
		D7C8956D2CB5045C00AA3CEB /* Preview Assets.xcassets in Resources */ = {isa = PBXBuildFile; fileRef = D7C8956C2CB5045C00AA3CEB /* Preview Assets.xcassets */; };
		D7C895742CB5054800AA3CEB /* HomeView.swift in Sources */ = {isa = PBXBuildFile; fileRef = D7C895732CB5054800AA3CEB /* HomeView.swift */; };
		D7C895762CB508F500AA3CEB /* Ingredient.swift in Sources */ = {isa = PBXBuildFile; fileRef = D7C895752CB508F500AA3CEB /* Ingredient.swift */; };
		D7C895782CB5094000AA3CEB /* IngredientDetailView.swift in Sources */ = {isa = PBXBuildFile; fileRef = D7C895772CB5094000AA3CEB /* IngredientDetailView.swift */; };
		D7C8957A2CB50C6A00AA3CEB /* FoodGroupDetailView.swift in Sources */ = {isa = PBXBuildFile; fileRef = D7C895792CB50C6A00AA3CEB /* FoodGroupDetailView.swift */; };
		D7CAC88C2CB5815300B80C7D /* DataManager.swift in Sources */ = {isa = PBXBuildFile; fileRef = D7CAC88B2CB5815300B80C7D /* DataManager.swift */; };
		D7DFD5132CB58531001B5263 /* AddView.swift in Sources */ = {isa = PBXBuildFile; fileRef = D7DFD5122CB58531001B5263 /* AddView.swift */; };
/* End PBXBuildFile section */

/* Begin PBXFileReference section */
		D73924772CB5845B00DB80FC /* Model.xcdatamodel */ = {isa = PBXFileReference; lastKnownFileType = wrapper.xcdatamodel; path = Model.xcdatamodel; sourceTree = "<group>"; };
		D7A2F9092CB64E5B00AD311D /* Recipe.swift */ = {isa = PBXFileReference; lastKnownFileType = sourcecode.swift; path = Recipe.swift; sourceTree = "<group>"; };
		D7A2F90B2CB64F6300AD311D /* RecipeView.swift */ = {isa = PBXFileReference; lastKnownFileType = sourcecode.swift; path = RecipeView.swift; sourceTree = "<group>"; };
		D7C895622CB5045B00AA3CEB /* PantryToPlate.app */ = {isa = PBXFileReference; explicitFileType = wrapper.application; includeInIndex = 0; path = PantryToPlate.app; sourceTree = BUILT_PRODUCTS_DIR; };
		D7C895652CB5045B00AA3CEB /* PantryToPlateApp.swift */ = {isa = PBXFileReference; lastKnownFileType = sourcecode.swift; path = PantryToPlateApp.swift; sourceTree = "<group>"; };
		D7C895692CB5045C00AA3CEB /* Assets.xcassets */ = {isa = PBXFileReference; lastKnownFileType = folder.assetcatalog; path = Assets.xcassets; sourceTree = "<group>"; };
		D7C8956C2CB5045C00AA3CEB /* Preview Assets.xcassets */ = {isa = PBXFileReference; lastKnownFileType = folder.assetcatalog; path = "Preview Assets.xcassets"; sourceTree = "<group>"; };
		D7C895732CB5054800AA3CEB /* HomeView.swift */ = {isa = PBXFileReference; lastKnownFileType = sourcecode.swift; path = HomeView.swift; sourceTree = "<group>"; };
		D7C895752CB508F500AA3CEB /* Ingredient.swift */ = {isa = PBXFileReference; lastKnownFileType = sourcecode.swift; path = Ingredient.swift; sourceTree = "<group>"; };
		D7C895772CB5094000AA3CEB /* IngredientDetailView.swift */ = {isa = PBXFileReference; lastKnownFileType = sourcecode.swift; path = IngredientDetailView.swift; sourceTree = "<group>"; };
		D7C895792CB50C6A00AA3CEB /* FoodGroupDetailView.swift */ = {isa = PBXFileReference; lastKnownFileType = sourcecode.swift; path = FoodGroupDetailView.swift; sourceTree = "<group>"; };
		D7CAC88B2CB5815300B80C7D /* DataManager.swift */ = {isa = PBXFileReference; lastKnownFileType = sourcecode.swift; path = DataManager.swift; sourceTree = "<group>"; };
		D7DFD5122CB58531001B5263 /* AddView.swift */ = {isa = PBXFileReference; lastKnownFileType = sourcecode.swift; path = AddView.swift; sourceTree = "<group>"; };
/* End PBXFileReference section */

/* Begin PBXFrameworksBuildPhase section */
		D7C8955F2CB5045B00AA3CEB /* Frameworks */ = {
			isa = PBXFrameworksBuildPhase;
			buildActionMask = 2147483647;
			files = (
			);
			runOnlyForDeploymentPostprocessing = 0;
		};
/* End PBXFrameworksBuildPhase section */

/* Begin PBXGroup section */
		D7C895592CB5045B00AA3CEB = {
			isa = PBXGroup;
			children = (
				D73924762CB5845B00DB80FC /* Model.xcdatamodeld */,
				D7C895642CB5045B00AA3CEB /* PantryToPlate */,
				D7C895632CB5045B00AA3CEB /* Products */,
			);
			sourceTree = "<group>";
		};
		D7C895632CB5045B00AA3CEB /* Products */ = {
			isa = PBXGroup;
			children = (
				D7C895622CB5045B00AA3CEB /* PantryToPlate.app */,
			);
			name = Products;
			sourceTree = "<group>";
		};
		D7C895642CB5045B00AA3CEB /* PantryToPlate */ = {
			isa = PBXGroup;
			children = (
				D7C895652CB5045B00AA3CEB /* PantryToPlateApp.swift */,
				D7C895732CB5054800AA3CEB /* HomeView.swift */,
				D7C895752CB508F500AA3CEB /* Ingredient.swift */,
				D7A2F9092CB64E5B00AD311D /* Recipe.swift */,
				D7A2F90B2CB64F6300AD311D /* RecipeView.swift */,
				D7C895792CB50C6A00AA3CEB /* FoodGroupDetailView.swift */,
				D7DFD5122CB58531001B5263 /* AddView.swift */,
				D7CAC88B2CB5815300B80C7D /* DataManager.swift */,
				D7C895772CB5094000AA3CEB /* IngredientDetailView.swift */,
				D7C895692CB5045C00AA3CEB /* Assets.xcassets */,
				D7C8956B2CB5045C00AA3CEB /* Preview Content */,
			);
			path = PantryToPlate;
			sourceTree = "<group>";
		};
		D7C8956B2CB5045C00AA3CEB /* Preview Content */ = {
			isa = PBXGroup;
			children = (
				D7C8956C2CB5045C00AA3CEB /* Preview Assets.xcassets */,
			);
			path = "Preview Content";
			sourceTree = "<group>";
		};
/* End PBXGroup section */

/* Begin PBXNativeTarget section */
		D7C895612CB5045B00AA3CEB /* PantryToPlate */ = {
			isa = PBXNativeTarget;
			buildConfigurationList = D7C895702CB5045C00AA3CEB /* Build configuration list for PBXNativeTarget "PantryToPlate" */;
			buildPhases = (
				D7C8955E2CB5045B00AA3CEB /* Sources */,
				D7C8955F2CB5045B00AA3CEB /* Frameworks */,
				D7C895602CB5045B00AA3CEB /* Resources */,
			);
			buildRules = (
			);
			dependencies = (
			);
			name = PantryToPlate;
			productName = PantryToPlate;
			productReference = D7C895622CB5045B00AA3CEB /* PantryToPlate.app */;
			productType = "com.apple.product-type.application";
		};
/* End PBXNativeTarget section */

/* Begin PBXProject section */
		D7C8955A2CB5045B00AA3CEB /* Project object */ = {
			isa = PBXProject;
			attributes = {
				BuildIndependentTargetsInParallel = 1;
				LastSwiftUpdateCheck = 1530;
				LastUpgradeCheck = 1530;
				TargetAttributes = {
					D7C895612CB5045B00AA3CEB = {
						CreatedOnToolsVersion = 15.3;
					};
				};
			};
			buildConfigurationList = D7C8955D2CB5045B00AA3CEB /* Build configuration list for PBXProject "PantryToPlate" */;
			compatibilityVersion = "Xcode 14.0";
			developmentRegion = en;
			hasScannedForEncodings = 0;
			knownRegions = (
				en,
				Base,
			);
			mainGroup = D7C895592CB5045B00AA3CEB;
			productRefGroup = D7C895632CB5045B00AA3CEB /* Products */;
			projectDirPath = "";
			projectRoot = "";
			targets = (
				D7C895612CB5045B00AA3CEB /* PantryToPlate */,
			);
		};
/* End PBXProject section */

/* Begin PBXResourcesBuildPhase section */
		D7C895602CB5045B00AA3CEB /* Resources */ = {
			isa = PBXResourcesBuildPhase;
			buildActionMask = 2147483647;
			files = (
				D7C8956D2CB5045C00AA3CEB /* Preview Assets.xcassets in Resources */,
				D7C8956A2CB5045C00AA3CEB /* Assets.xcassets in Resources */,
			);
			runOnlyForDeploymentPostprocessing = 0;
		};
/* End PBXResourcesBuildPhase section */

/* Begin PBXSourcesBuildPhase section */
		D7C8955E2CB5045B00AA3CEB /* Sources */ = {
			isa = PBXSourcesBuildPhase;
			buildActionMask = 2147483647;
			files = (
				D7C895782CB5094000AA3CEB /* IngredientDetailView.swift in Sources */,
				D7C895762CB508F500AA3CEB /* Ingredient.swift in Sources */,
				D7C8957A2CB50C6A00AA3CEB /* FoodGroupDetailView.swift in Sources */,
				D73924782CB5845B00DB80FC /* Model.xcdatamodeld in Sources */,
				D7A2F90C2CB64F6300AD311D /* RecipeView.swift in Sources */,
				D7DFD5132CB58531001B5263 /* AddView.swift in Sources */,
				D7CAC88C2CB5815300B80C7D /* DataManager.swift in Sources */,
				D7A2F90A2CB64E5B00AD311D /* Recipe.swift in Sources */,
				D7C895742CB5054800AA3CEB /* HomeView.swift in Sources */,
				D7C895662CB5045B00AA3CEB /* PantryToPlateApp.swift in Sources */,
			);
			runOnlyForDeploymentPostprocessing = 0;
		};
/* End PBXSourcesBuildPhase section */

/* Begin XCBuildConfiguration section */
		D7C8956E2CB5045C00AA3CEB /* Debug */ = {
			isa = XCBuildConfiguration;
			buildSettings = {
				ALWAYS_SEARCH_USER_PATHS = NO;
				ASSETCATALOG_COMPILER_GENERATE_SWIFT_ASSET_SYMBOL_EXTENSIONS = YES;
				CLANG_ANALYZER_NONNULL = YES;
				CLANG_ANALYZER_NUMBER_OBJECT_CONVERSION = YES_AGGRESSIVE;
				CLANG_CXX_LANGUAGE_STANDARD = "gnu++20";
				CLANG_ENABLE_MODULES = YES;
				CLANG_ENABLE_OBJC_ARC = YES;
				CLANG_ENABLE_OBJC_WEAK = YES;
				CLANG_WARN_BLOCK_CAPTURE_AUTORELEASING = YES;
				CLANG_WARN_BOOL_CONVERSION = YES;
				CLANG_WARN_COMMA = YES;
				CLANG_WARN_CONSTANT_CONVERSION = YES;
				CLANG_WARN_DEPRECATED_OBJC_IMPLEMENTATIONS = YES;
				CLANG_WARN_DIRECT_OBJC_ISA_USAGE = YES_ERROR;
				CLANG_WARN_DOCUMENTATION_COMMENTS = YES;
				CLANG_WARN_EMPTY_BODY = YES;
				CLANG_WARN_ENUM_CONVERSION = YES;
				CLANG_WARN_INFINITE_RECURSION = YES;
				CLANG_WARN_INT_CONVERSION = YES;
				CLANG_WARN_NON_LITERAL_NULL_CONVERSION = YES;
				CLANG_WARN_OBJC_IMPLICIT_RETAIN_SELF = YES;
				CLANG_WARN_OBJC_LITERAL_CONVERSION = YES;
				CLANG_WARN_OBJC_ROOT_CLASS = YES_ERROR;
				CLANG_WARN_QUOTED_INCLUDE_IN_FRAMEWORK_HEADER = YES;
				CLANG_WARN_RANGE_LOOP_ANALYSIS = YES;
				CLANG_WARN_STRICT_PROTOTYPES = YES;
				CLANG_WARN_SUSPICIOUS_MOVE = YES;
				CLANG_WARN_UNGUARDED_AVAILABILITY = YES_AGGRESSIVE;
				CLANG_WARN_UNREACHABLE_CODE = YES;
				CLANG_WARN__DUPLICATE_METHOD_MATCH = YES;
				COPY_PHASE_STRIP = NO;
				DEBUG_INFORMATION_FORMAT = dwarf;
				ENABLE_STRICT_OBJC_MSGSEND = YES;
				ENABLE_TESTABILITY = YES;
				ENABLE_USER_SCRIPT_SANDBOXING = YES;
				GCC_C_LANGUAGE_STANDARD = gnu17;
				GCC_DYNAMIC_NO_PIC = NO;
				GCC_NO_COMMON_BLOCKS = YES;
				GCC_OPTIMIZATION_LEVEL = 0;
				GCC_PREPROCESSOR_DEFINITIONS = (
					"DEBUG=1",
					"$(inherited)",
				);
				GCC_WARN_64_TO_32_BIT_CONVERSION = YES;
				GCC_WARN_ABOUT_RETURN_TYPE = YES_ERROR;
				GCC_WARN_UNDECLARED_SELECTOR = YES;
				GCC_WARN_UNINITIALIZED_AUTOS = YES_AGGRESSIVE;
				GCC_WARN_UNUSED_FUNCTION = YES;
				GCC_WARN_UNUSED_VARIABLE = YES;
				IPHONEOS_DEPLOYMENT_TARGET = 17.4;
				LOCALIZATION_PREFERS_STRING_CATALOGS = YES;
				MTL_ENABLE_DEBUG_INFO = INCLUDE_SOURCE;
				MTL_FAST_MATH = YES;
				ONLY_ACTIVE_ARCH = YES;
				SDKROOT = iphoneos;
				SWIFT_ACTIVE_COMPILATION_CONDITIONS = "DEBUG $(inherited)";
				SWIFT_OPTIMIZATION_LEVEL = "-Onone";
			};
			name = Debug;
		};
		D7C8956F2CB5045C00AA3CEB /* Release */ = {
			isa = XCBuildConfiguration;
			buildSettings = {
				ALWAYS_SEARCH_USER_PATHS = NO;
				ASSETCATALOG_COMPILER_GENERATE_SWIFT_ASSET_SYMBOL_EXTENSIONS = YES;
				CLANG_ANALYZER_NONNULL = YES;
				CLANG_ANALYZER_NUMBER_OBJECT_CONVERSION = YES_AGGRESSIVE;
				CLANG_CXX_LANGUAGE_STANDARD = "gnu++20";
				CLANG_ENABLE_MODULES = YES;
				CLANG_ENABLE_OBJC_ARC = YES;
				CLANG_ENABLE_OBJC_WEAK = YES;
				CLANG_WARN_BLOCK_CAPTURE_AUTORELEASING = YES;
				CLANG_WARN_BOOL_CONVERSION = YES;
				CLANG_WARN_COMMA = YES;
				CLANG_WARN_CONSTANT_CONVERSION = YES;
				CLANG_WARN_DEPRECATED_OBJC_IMPLEMENTATIONS = YES;
				CLANG_WARN_DIRECT_OBJC_ISA_USAGE = YES_ERROR;
				CLANG_WARN_DOCUMENTATION_COMMENTS = YES;
				CLANG_WARN_EMPTY_BODY = YES;
				CLANG_WARN_ENUM_CONVERSION = YES;
				CLANG_WARN_INFINITE_RECURSION = YES;
				CLANG_WARN_INT_CONVERSION = YES;
				CLANG_WARN_NON_LITERAL_NULL_CONVERSION = YES;
				CLANG_WARN_OBJC_IMPLICIT_RETAIN_SELF = YES;
				CLANG_WARN_OBJC_LITERAL_CONVERSION = YES;
				CLANG_WARN_OBJC_ROOT_CLASS = YES_ERROR;
				CLANG_WARN_QUOTED_INCLUDE_IN_FRAMEWORK_HEADER = YES;
				CLANG_WARN_RANGE_LOOP_ANALYSIS = YES;
				CLANG_WARN_STRICT_PROTOTYPES = YES;
				CLANG_WARN_SUSPICIOUS_MOVE = YES;
				CLANG_WARN_UNGUARDED_AVAILABILITY = YES_AGGRESSIVE;
				CLANG_WARN_UNREACHABLE_CODE = YES;
				CLANG_WARN__DUPLICATE_METHOD_MATCH = YES;
				COPY_PHASE_STRIP = NO;
				DEBUG_INFORMATION_FORMAT = "dwarf-with-dsym";
				ENABLE_NS_ASSERTIONS = NO;
				ENABLE_STRICT_OBJC_MSGSEND = YES;
				ENABLE_USER_SCRIPT_SANDBOXING = YES;
				GCC_C_LANGUAGE_STANDARD = gnu17;
				GCC_NO_COMMON_BLOCKS = YES;
				GCC_WARN_64_TO_32_BIT_CONVERSION = YES;
				GCC_WARN_ABOUT_RETURN_TYPE = YES_ERROR;
				GCC_WARN_UNDECLARED_SELECTOR = YES;
				GCC_WARN_UNINITIALIZED_AUTOS = YES_AGGRESSIVE;
				GCC_WARN_UNUSED_FUNCTION = YES;
				GCC_WARN_UNUSED_VARIABLE = YES;
				IPHONEOS_DEPLOYMENT_TARGET = 17.4;
				LOCALIZATION_PREFERS_STRING_CATALOGS = YES;
				MTL_ENABLE_DEBUG_INFO = NO;
				MTL_FAST_MATH = YES;
				SDKROOT = iphoneos;
				SWIFT_COMPILATION_MODE = wholemodule;
				VALIDATE_PRODUCT = YES;
			};
			name = Release;
		};
		D7C895712CB5045C00AA3CEB /* Debug */ = {
			isa = XCBuildConfiguration;
			buildSettings = {
				ASSETCATALOG_COMPILER_APPICON_NAME = AppIcon;
				ASSETCATALOG_COMPILER_GLOBAL_ACCENT_COLOR_NAME = AccentColor;
				CODE_SIGN_STYLE = Automatic;
				CURRENT_PROJECT_VERSION = 1;
				DEVELOPMENT_ASSET_PATHS = "\"PantryToPlate/Preview Content\"";
				ENABLE_PREVIEWS = YES;
				GENERATE_INFOPLIST_FILE = YES;
				INFOPLIST_KEY_UIApplicationSceneManifest_Generation = YES;
				INFOPLIST_KEY_UIApplicationSupportsIndirectInputEvents = YES;
				INFOPLIST_KEY_UILaunchScreen_Generation = YES;
				INFOPLIST_KEY_UISupportedInterfaceOrientations_iPad = "UIInterfaceOrientationPortrait UIInterfaceOrientationPortraitUpsideDown UIInterfaceOrientationLandscapeLeft UIInterfaceOrientationLandscapeRight";
				INFOPLIST_KEY_UISupportedInterfaceOrientations_iPhone = "UIInterfaceOrientationPortrait UIInterfaceOrientationLandscapeLeft UIInterfaceOrientationLandscapeRight";
				LD_RUNPATH_SEARCH_PATHS = (
					"$(inherited)",
					"@executable_path/Frameworks",
				);
				MARKETING_VERSION = 1.0;
				PRODUCT_BUNDLE_IDENTIFIER = Projects.PantryToPlate;
				PRODUCT_NAME = "$(TARGET_NAME)";
				SWIFT_EMIT_LOC_STRINGS = YES;
				SWIFT_VERSION = 5.0;
				TARGETED_DEVICE_FAMILY = "1,2";
			};
			name = Debug;
		};
		D7C895722CB5045C00AA3CEB /* Release */ = {
			isa = XCBuildConfiguration;
			buildSettings = {
				ASSETCATALOG_COMPILER_APPICON_NAME = AppIcon;
				ASSETCATALOG_COMPILER_GLOBAL_ACCENT_COLOR_NAME = AccentColor;
				CODE_SIGN_STYLE = Automatic;
				CURRENT_PROJECT_VERSION = 1;
				DEVELOPMENT_ASSET_PATHS = "\"PantryToPlate/Preview Content\"";
				ENABLE_PREVIEWS = YES;
				GENERATE_INFOPLIST_FILE = YES;
				INFOPLIST_KEY_UIApplicationSceneManifest_Generation = YES;
				INFOPLIST_KEY_UIApplicationSupportsIndirectInputEvents = YES;
				INFOPLIST_KEY_UILaunchScreen_Generation = YES;
				INFOPLIST_KEY_UISupportedInterfaceOrientations_iPad = "UIInterfaceOrientationPortrait UIInterfaceOrientationPortraitUpsideDown UIInterfaceOrientationLandscapeLeft UIInterfaceOrientationLandscapeRight";
				INFOPLIST_KEY_UISupportedInterfaceOrientations_iPhone = "UIInterfaceOrientationPortrait UIInterfaceOrientationLandscapeLeft UIInterfaceOrientationLandscapeRight";
				LD_RUNPATH_SEARCH_PATHS = (
					"$(inherited)",
					"@executable_path/Frameworks",
				);
				MARKETING_VERSION = 1.0;
				PRODUCT_BUNDLE_IDENTIFIER = Projects.PantryToPlate;
				PRODUCT_NAME = "$(TARGET_NAME)";
				SWIFT_EMIT_LOC_STRINGS = YES;
				SWIFT_VERSION = 5.0;
				TARGETED_DEVICE_FAMILY = "1,2";
			};
			name = Release;
		};
/* End XCBuildConfiguration section */

/* Begin XCConfigurationList section */
		D7C8955D2CB5045B00AA3CEB /* Build configuration list for PBXProject "PantryToPlate" */ = {
			isa = XCConfigurationList;
			buildConfigurations = (
				D7C8956E2CB5045C00AA3CEB /* Debug */,
				D7C8956F2CB5045C00AA3CEB /* Release */,
			);
			defaultConfigurationIsVisible = 0;
			defaultConfigurationName = Release;
		};
		D7C895702CB5045C00AA3CEB /* Build configuration list for PBXNativeTarget "PantryToPlate" */ = {
			isa = XCConfigurationList;
			buildConfigurations = (
				D7C895712CB5045C00AA3CEB /* Debug */,
				D7C895722CB5045C00AA3CEB /* Release */,
			);
			defaultConfigurationIsVisible = 0;
			defaultConfigurationName = Release;
		};
/* End XCConfigurationList section */

/* Begin XCVersionGroup section */
		D73924762CB5845B00DB80FC /* Model.xcdatamodeld */ = {
			isa = XCVersionGroup;
			children = (
				D73924772CB5845B00DB80FC /* Model.xcdatamodel */,
			);
			currentVersion = D73924772CB5845B00DB80FC /* Model.xcdatamodel */;
			name = Model.xcdatamodeld;
			path = /Users/trinhdieu/Documents/Projects/PantryToPlate/Model.xcdatamodeld;
			sourceTree = "<group>";
			versionGroupType = wrapper.xcdatamodel;
		};
/* End XCVersionGroup section */
	};
	rootObject = D7C8955A2CB5045B00AA3CEB /* Project object */;
}
